// !$*UTF8*$!
{
	archiveVersion = 1;
	classes = {};
	objectVersion = 77;
	objects = {
		A10000000000000000000001 /* Sources */ = {isa = PBXGroup; children = (A10000000000000000000011 /* main.swift */, A10000000000000000000012 /* Protocol.swift */, A10000000000000000000013 /* EventKitReader.swift */, A10000000000000000000014 /* NotesReader.swift */, A10000000000000000000015 /* FileReader.swift */, A10000000000000000000016 /* PDFExtractor.swift */, A10000000000000000000017 /* EventKitWriter.swift */); path = Sources; sourceTree = "<group>"; };
		A10000000000000000000002 /* Tests */ = {isa = PBXGroup; children = (A10000000000000000000021 /* ProtocolTests.swift */, A10000000000000000000022 /* EventKitFixtureTests.swift */, A10000000000000000000023 /* NotesFixtureTests.swift */, A10000000000000000000024 /* FileReaderTests.swift */, A10000000000000000000025 /* PDFExtractorTests.swift */, A10000000000000000000026 /* EventKitWriterTests.swift */); path = Tests; sourceTree = "<group>"; };
		A10000000000000000000003 /* Products */ = {isa = PBXGroup; children = (A10000000000000000000031 /* BuzzAppleInputs */, A10000000000000000000032 /* BuzzAppleInputsTests.xctest */); name = Products; sourceTree = "<group>"; };
		A10000000000000000000004 /* Root */ = {isa = PBXGroup; children = (A10000000000000000000001 /* Sources */, A10000000000000000000002 /* Tests */, A10000000000000000000003 /* Products */); sourceTree = "<group>"; };
		A10000000000000000000011 /* main.swift */ = {isa = PBXFileReference; lastKnownFileType = sourcecode.swift; path = main.swift; sourceTree = "<group>"; };
		A10000000000000000000012 /* Protocol.swift */ = {isa = PBXFileReference; lastKnownFileType = sourcecode.swift; path = Protocol.swift; sourceTree = "<group>"; };
		A10000000000000000000013 /* EventKitReader.swift */ = {isa = PBXFileReference; lastKnownFileType = sourcecode.swift; path = EventKitReader.swift; sourceTree = "<group>"; };
		A10000000000000000000014 /* NotesReader.swift */ = {isa = PBXFileReference; lastKnownFileType = sourcecode.swift; path = NotesReader.swift; sourceTree = "<group>"; };
		A10000000000000000000015 /* FileReader.swift */ = {isa = PBXFileReference; lastKnownFileType = sourcecode.swift; path = FileReader.swift; sourceTree = "<group>"; };
		A10000000000000000000016 /* PDFExtractor.swift */ = {isa = PBXFileReference; lastKnownFileType = sourcecode.swift; path = PDFExtractor.swift; sourceTree = "<group>"; };
		A10000000000000000000017 /* EventKitWriter.swift */ = {isa = PBXFileReference; lastKnownFileType = sourcecode.swift; path = EventKitWriter.swift; sourceTree = "<group>"; };
		A10000000000000000000021 /* ProtocolTests.swift */ = {isa = PBXFileReference; lastKnownFileType = sourcecode.swift; path = ProtocolTests.swift; sourceTree = "<group>"; };
		A10000000000000000000022 /* EventKitFixtureTests.swift */ = {isa = PBXFileReference; lastKnownFileType = sourcecode.swift; path = EventKitFixtureTests.swift; sourceTree = "<group>"; };
		A10000000000000000000023 /* NotesFixtureTests.swift */ = {isa = PBXFileReference; lastKnownFileType = sourcecode.swift; path = NotesFixtureTests.swift; sourceTree = "<group>"; };
		A10000000000000000000024 /* FileReaderTests.swift */ = {isa = PBXFileReference; lastKnownFileType = sourcecode.swift; path = FileReaderTests.swift; sourceTree = "<group>"; };
		A10000000000000000000025 /* PDFExtractorTests.swift */ = {isa = PBXFileReference; lastKnownFileType = sourcecode.swift; path = PDFExtractorTests.swift; sourceTree = "<group>"; };
		A10000000000000000000026 /* EventKitWriterTests.swift */ = {isa = PBXFileReference; lastKnownFileType = sourcecode.swift; path = EventKitWriterTests.swift; sourceTree = "<group>"; };
		A10000000000000000000031 /* BuzzAppleInputs */ = {isa = PBXFileReference; explicitFileType = compiled.mach-o.executable; path = BuzzAppleInputs; sourceTree = BUILT_PRODUCTS_DIR; };
		A10000000000000000000032 /* BuzzAppleInputsTests.xctest */ = {isa = PBXFileReference; explicitFileType = wrapper.cfbundle; path = BuzzAppleInputsTests.xctest; sourceTree = BUILT_PRODUCTS_DIR; };
		A10000000000000000000041 /* Sources Build */ = {isa = PBXSourcesBuildPhase; buildActionMask = 2147483647; files = (A10000000000000000000051 /* main.swift */, A10000000000000000000052 /* Protocol.swift */, A10000000000000000000053 /* EventKitReader.swift */, A10000000000000000000054 /* NotesReader.swift */, A10000000000000000000055 /* FileReader.swift */, A10000000000000000000056 /* PDFExtractor.swift */, A10000000000000000000057 /* EventKitWriter.swift */); runOnlyForDeploymentPostprocessing = 0; };
		A10000000000000000000042 /* Test Sources Build */ = {isa = PBXSourcesBuildPhase; buildActionMask = 2147483647; files = (A10000000000000000000061 /* ProtocolTests.swift */, A10000000000000000000062 /* EventKitFixtureTests.swift */, A10000000000000000000063 /* NotesFixtureTests.swift */, A10000000000000000000064 /* FileReaderTests.swift */, A10000000000000000000065 /* Protocol.swift */, A10000000000000000000066 /* EventKitReader.swift */, A10000000000000000000067 /* NotesReader.swift */, A10000000000000000000068 /* FileReader.swift */, A10000000000000000000069 /* PDFExtractor.swift */, A1000000000000000000006A /* PDFExtractorTests.swift */, A1000000000000000000006B /* EventKitWriter.swift */, A1000000000000000000006C /* EventKitWriterTests.swift */); runOnlyForDeploymentPostprocessing = 0; };
		A10000000000000000000051 /* main.swift */ = {isa = PBXBuildFile; fileRef = A10000000000000000000011 /* main.swift */; };
		A10000000000000000000052 /* Protocol.swift */ = {isa = PBXBuildFile; fileRef = A10000000000000000000012 /* Protocol.swift */; };
		A10000000000000000000053 /* EventKitReader.swift */ = {isa = PBXBuildFile; fileRef = A10000000000000000000013 /* EventKitReader.swift */; };
		A10000000000000000000054 /* NotesReader.swift */ = {isa = PBXBuildFile; fileRef = A10000000000000000000014 /* NotesReader.swift */; };
		A10000000000000000000055 /* FileReader.swift */ = {isa = PBXBuildFile; fileRef = A10000000000000000000015 /* FileReader.swift */; };
		A10000000000000000000056 /* PDFExtractor.swift */ = {isa = PBXBuildFile; fileRef = A10000000000000000000016 /* PDFExtractor.swift */; };
		A10000000000000000000057 /* EventKitWriter.swift */ = {isa = PBXBuildFile; fileRef = A10000000000000000000017 /* EventKitWriter.swift */; };
		A10000000000000000000061 /* ProtocolTests.swift */ = {isa = PBXBuildFile; fileRef = A10000000000000000000021 /* ProtocolTests.swift */; };
		A10000000000000000000062 /* EventKitFixtureTests.swift */ = {isa = PBXBuildFile; fileRef = A10000000000000000000022 /* EventKitFixtureTests.swift */; };
		A10000000000000000000063 /* NotesFixtureTests.swift */ = {isa = PBXBuildFile; fileRef = A10000000000000000000023 /* NotesFixtureTests.swift */; };
		A10000000000000000000064 /* FileReaderTests.swift */ = {isa = PBXBuildFile; fileRef = A10000000000000000000024 /* FileReaderTests.swift */; };
		A10000000000000000000065 /* Protocol.swift */ = {isa = PBXBuildFile; fileRef = A10000000000000000000012 /* Protocol.swift */; };
		A10000000000000000000066 /* EventKitReader.swift */ = {isa = PBXBuildFile; fileRef = A10000000000000000000013 /* EventKitReader.swift */; };
		A10000000000000000000067 /* NotesReader.swift */ = {isa = PBXBuildFile; fileRef = A10000000000000000000014 /* NotesReader.swift */; };
		A10000000000000000000068 /* FileReader.swift */ = {isa = PBXBuildFile; fileRef = A10000000000000000000015 /* FileReader.swift */; };
		A10000000000000000000069 /* PDFExtractor.swift */ = {isa = PBXBuildFile; fileRef = A10000000000000000000016 /* PDFExtractor.swift */; };
		A1000000000000000000006A /* PDFExtractorTests.swift */ = {isa = PBXBuildFile; fileRef = A10000000000000000000025 /* PDFExtractorTests.swift */; };
		A1000000000000000000006B /* EventKitWriter.swift */ = {isa = PBXBuildFile; fileRef = A10000000000000000000017 /* EventKitWriter.swift */; };
		A1000000000000000000006C /* EventKitWriterTests.swift */ = {isa = PBXBuildFile; fileRef = A10000000000000000000026 /* EventKitWriterTests.swift */; };
		A10000000000000000000071 /* XCTest */ = {isa = PBXFileReference; lastKnownFileType = wrapper.framework; name = XCTest.framework; path = System/Library/Frameworks/XCTest.framework; sourceTree = SDKROOT; };
		A10000000000000000000072 /* XCTest Build */ = {isa = PBXBuildFile; fileRef = A10000000000000000000071 /* XCTest */; };
		A10000000000000000000073 /* Frameworks */ = {isa = PBXFrameworksBuildPhase; buildActionMask = 2147483647; files = (); runOnlyForDeploymentPostprocessing = 0; };
		A10000000000000000000074 /* Test Frameworks */ = {isa = PBXFrameworksBuildPhase; buildActionMask = 2147483647; files = (A10000000000000000000072 /* XCTest Build */); runOnlyForDeploymentPostprocessing = 0; };
		A10000000000000000000081 /* Test Host */ = {isa = PBXContainerItemProxy; containerPortal = A10000000000000000000091 /* Project object */; proxyType = 1; remoteGlobalIDString = A10000000000000000000092; remoteInfo = BuzzAppleInputs; };
		A10000000000000000000082 /* Target dependency */ = {isa = PBXTargetDependency; target = A10000000000000000000092 /* BuzzAppleInputs */; targetProxy = A10000000000000000000081 /* Test Host */; };
		A10000000000000000000091 /* Project object */ = {isa = PBXProject; attributes = { LastSwiftUpdateCheck = 2600; }; buildConfigurationList = A10000000000000000000101 /* Project config */; compatibilityVersion = "Xcode 16.0"; developmentRegion = en; hasScannedForEncodings = 0; mainGroup = A10000000000000000000004; productRefGroup = A10000000000000000000003; projectDirPath = ""; projectRoot = ""; targets = (A10000000000000000000092 /* BuzzAppleInputs */, A10000000000000000000093 /* BuzzAppleInputsTests */); };
		A10000000000000000000092 /* BuzzAppleInputs */ = {isa = PBXNativeTarget; buildConfigurationList = A10000000000000000000111; buildPhases = (A10000000000000000000041 /* Sources Build */, A10000000000000000000073 /* Frameworks */); buildRules = (); dependencies = (); name = BuzzAppleInputs; productName = BuzzAppleInputs; productReference = A10000000000000000000031 /* BuzzAppleInputs */; productType = "com.apple.product-type.tool"; };
		A10000000000000000000093 /* BuzzAppleInputsTests */ = {isa = PBXNativeTarget; buildConfigurationList = A10000000000000000000112; buildPhases = (A10000000000000000000042 /* Test Sources Build */, A10000000000000000000074 /* Test Frameworks */); buildRules = (); dependencies = (); name = BuzzAppleInputsTests; productName = BuzzAppleInputsTests; productReference = A10000000000000000000032 /* BuzzAppleInputsTests.xctest */; productType = "com.apple.product-type.bundle.unit-test"; };
		A10000000000000000000101 /* Project config */ = {isa = XCConfigurationList; buildConfigurations = (A10000000000000000000121, A10000000000000000000122); defaultConfigurationIsVisible = 0; defaultConfigurationName = Release; };
		A10000000000000000000111 = {isa = XCConfigurationList; buildConfigurations = (A10000000000000000000131, A10000000000000000000132); defaultConfigurationIsVisible = 0; defaultConfigurationName = Release; };
		A10000000000000000000112 = {isa = XCConfigurationList; buildConfigurations = (A10000000000000000000141, A10000000000000000000142); defaultConfigurationIsVisible = 0; defaultConfigurationName = Release; };
		A10000000000000000000121 = {isa = XCBuildConfiguration; buildSettings = { MACOSX_DEPLOYMENT_TARGET = 14.0; }; name = Debug; };
		A10000000000000000000122 = {isa = XCBuildConfiguration; buildSettings = { MACOSX_DEPLOYMENT_TARGET = 14.0; }; name = Release; };
		A10000000000000000000131 = {isa = XCBuildConfiguration; buildSettings = { CLANG_ENABLE_MODULES = YES; DEFINES_MODULE = YES; ENABLE_TESTABILITY = YES; GENERATE_INFOPLIST_FILE = YES; INFOPLIST_KEY_NSCalendarsFullAccessUsageDescription = "Command Adviser publishes approved Battle Rhythm events to a dedicated calendar."; INFOPLIST_KEY_NSCalendarsUsageDescription = "Command Adviser reads selected calendars for command briefs."; INFOPLIST_KEY_NSRemindersFullAccessUsageDescription = "Command Adviser reads selected reminders for command briefs."; MACOSX_DEPLOYMENT_TARGET = 14.0; PRODUCT_BUNDLE_IDENTIFIER = com.block.buzz.apple-inputs; PRODUCT_NAME = BuzzAppleInputs; SWIFT_VERSION = 6.0; }; name = Debug; };
		A10000000000000000000132 = {isa = XCBuildConfiguration; buildSettings = { CLANG_ENABLE_MODULES = YES; DEFINES_MODULE = YES; GENERATE_INFOPLIST_FILE = YES; INFOPLIST_KEY_NSCalendarsFullAccessUsageDescription = "Command Adviser publishes approved Battle Rhythm events to a dedicated calendar."; INFOPLIST_KEY_NSCalendarsUsageDescription = "Command Adviser reads selected calendars for command briefs."; INFOPLIST_KEY_NSRemindersFullAccessUsageDescription = "Command Adviser reads selected reminders for command briefs."; MACOSX_DEPLOYMENT_TARGET = 14.0; PRODUCT_BUNDLE_IDENTIFIER = com.block.buzz.apple-inputs; PRODUCT_NAME = BuzzAppleInputs; SWIFT_COMPILATION_MODE = wholemodule; SWIFT_VERSION = 6.0; }; name = Release; };
		A10000000000000000000141 = {isa = XCBuildConfiguration; buildSettings = { GENERATE_INFOPLIST_FILE = YES; MACOSX_DEPLOYMENT_TARGET = 14.0; PRODUCT_BUNDLE_IDENTIFIER = com.block.buzz.apple-inputs-tests; PRODUCT_NAME = BuzzAppleInputsTests; SWIFT_VERSION = 6.0; }; name = Debug; };
		A10000000000000000000142 = {isa = XCBuildConfiguration; buildSettings = { GENERATE_INFOPLIST_FILE = YES; MACOSX_DEPLOYMENT_TARGET = 14.0; PRODUCT_BUNDLE_IDENTIFIER = com.block.buzz.apple-inputs-tests; PRODUCT_NAME = BuzzAppleInputsTests; SWIFT_VERSION = 6.0; }; name = Release; };
	};
	rootObject = A10000000000000000000091 /* Project object */;
}
